
Microsoft Visual Studio Solution File, Format Version 12.00
# Visual Studio Version 16
VisualStudioVersion = 16.0.29215.179
MinimumVisualStudioVersion = 10.0.40219.1
Project("{9A19103F-16F7-4668-BE54-9A1E7A4F7556}") = "DBMigrations", "DBMigrations\DBMigrations.csproj", "{502D01FB-DF98-4E73-9FF9-5CAC638D5568}"
EndProject
Project("{9A19103F-16F7-4668-BE54-9A1E7A4F7556}") = "MVC.MyClones", "MVC.MyClones\MVC.MyClones.csproj", "{78420D53-D463-4E6F-BDDD-BF8F4AF5553F}"
EndProject
Project("{9A19103F-16F7-4668-BE54-9A1E7A4F7556}") = "Services.Interfaces", "Services.Interfaces\Services.Interfaces.csproj", "{A58CC080-4E63-4A0B-ACA8-C890F723744B}"
EndProject
Project("{9A19103F-16F7-4668-BE54-9A1E7A4F7556}") = "Services.Realizations", "Services.Realizations\Services.Realizations.csproj", "{F1300B70-3F41-4E85-8F30-2A069E147B6D}"
EndProject
Project("{9A19103F-16F7-4668-BE54-9A1E7A4F7556}") = "Data.EF", "Repositories.EF\Data.EF.csproj", "{BE3588BB-D379-4642-AED5-C469F82BFBAE}"
EndProject
Project("{FAE04EC0-301F-11D3-BF4B-00C04F79EFBC}") = "Domain.Entities", "Domain.Entities\Domain.Entities.csproj", "{F43ABB97-84E6-4051-ACC5-31D58E0AE7C4}"
EndProject
Project("{FAE04EC0-301F-11D3-BF4B-00C04F79EFBC}") = "Repositories.Interfaces", "Repositories.Interfaces\Repositories.Interfaces.csproj", "{9662713E-29BD-4D9F-86E8-50CADB469AD6}"
EndProject
Project("{2150E333-8FDC-42A3-9474-1A3956D46DE8}") = "1.Domain", "1.Domain", "{D5BE4283-9DA5-492C-A19D-B122CE418B07}"
EndProject
Project("{2150E333-8FDC-42A3-9474-1A3956D46DE8}") = "2.Data", "2.Data", "{9001CAFB-54D4-430A-94D3-7EF68295ACAE}"
EndProject
Project("{FAE04EC0-301F-11D3-BF4B-00C04F79EFBC}") = "Repositories.Realizations", "Repositories.Realizations\Repositories.Realizations.csproj", "{0417F603-B0E5-4272-A20A-7E74192093D3}"
EndProject
Global
	GlobalSection(SolutionConfigurationPlatforms) = preSolution
		Debug|Any CPU = Debug|Any CPU
		Release|Any CPU = Release|Any CPU
	EndGlobalSection
	GlobalSection(ProjectConfigurationPlatforms) = postSolution
		{502D01FB-DF98-4E73-9FF9-5CAC638D5568}.Debug|Any CPU.ActiveCfg = Debug|Any CPU
		{502D01FB-DF98-4E73-9FF9-5CAC638D5568}.Debug|Any CPU.Build.0 = Debug|Any CPU
		{502D01FB-DF98-4E73-9FF9-5CAC638D5568}.Release|Any CPU.ActiveCfg = Release|Any CPU
		{502D01FB-DF98-4E73-9FF9-5CAC638D5568}.Release|Any CPU.Build.0 = Release|Any CPU
		{78420D53-D463-4E6F-BDDD-BF8F4AF5553F}.Debug|Any CPU.ActiveCfg = Debug|Any CPU
		{78420D53-D463-4E6F-BDDD-BF8F4AF5553F}.Debug|Any CPU.Build.0 = Debug|Any CPU
		{78420D53-D463-4E6F-BDDD-BF8F4AF5553F}.Release|Any CPU.ActiveCfg = Release|Any CPU
		{78420D53-D463-4E6F-BDDD-BF8F4AF5553F}.Release|Any CPU.Build.0 = Release|Any CPU
		{A58CC080-4E63-4A0B-ACA8-C890F723744B}.Debug|Any CPU.ActiveCfg = Debug|Any CPU
		{A58CC080-4E63-4A0B-ACA8-C890F723744B}.Debug|Any CPU.Build.0 = Debug|Any CPU
		{A58CC080-4E63-4A0B-ACA8-C890F723744B}.Release|Any CPU.ActiveCfg = Release|Any CPU
		{A58CC080-4E63-4A0B-ACA8-C890F723744B}.Release|Any CPU.Build.0 = Release|Any CPU
		{F1300B70-3F41-4E85-8F30-2A069E147B6D}.Debug|Any CPU.ActiveCfg = Debug|Any CPU
		{F1300B70-3F41-4E85-8F30-2A069E147B6D}.Debug|Any CPU.Build.0 = Debug|Any CPU
		{F1300B70-3F41-4E85-8F30-2A069E147B6D}.Release|Any CPU.ActiveCfg = Release|Any CPU
		{F1300B70-3F41-4E85-8F30-2A069E147B6D}.Release|Any CPU.Build.0 = Release|Any CPU
		{BE3588BB-D379-4642-AED5-C469F82BFBAE}.Debug|Any CPU.ActiveCfg = Debug|Any CPU
		{BE3588BB-D379-4642-AED5-C469F82BFBAE}.Debug|Any CPU.Build.0 = Debug|Any CPU
		{BE3588BB-D379-4642-AED5-C469F82BFBAE}.Release|Any CPU.ActiveCfg = Release|Any CPU
		{BE3588BB-D379-4642-AED5-C469F82BFBAE}.Release|Any CPU.Build.0 = Release|Any CPU
		{F43ABB97-84E6-4051-ACC5-31D58E0AE7C4}.Debug|Any CPU.ActiveCfg = Debug|Any CPU
		{F43ABB97-84E6-4051-ACC5-31D58E0AE7C4}.Debug|Any CPU.Build.0 = Debug|Any CPU
		{F43ABB97-84E6-4051-ACC5-31D58E0AE7C4}.Release|Any CPU.ActiveCfg = Release|Any CPU
		{F43ABB97-84E6-4051-ACC5-31D58E0AE7C4}.Release|Any CPU.Build.0 = Release|Any CPU
		{9662713E-29BD-4D9F-86E8-50CADB469AD6}.Debug|Any CPU.ActiveCfg = Debug|Any CPU
		{9662713E-29BD-4D9F-86E8-50CADB469AD6}.Debug|Any CPU.Build.0 = Debug|Any CPU
		{9662713E-29BD-4D9F-86E8-50CADB469AD6}.Release|Any CPU.ActiveCfg = Release|Any CPU
		{9662713E-29BD-4D9F-86E8-50CADB469AD6}.Release|Any CPU.Build.0 = Release|Any CPU
		{0417F603-B0E5-4272-A20A-7E74192093D3}.Debug|Any CPU.ActiveCfg = Debug|Any CPU
		{0417F603-B0E5-4272-A20A-7E74192093D3}.Debug|Any CPU.Build.0 = Debug|Any CPU
		{0417F603-B0E5-4272-A20A-7E74192093D3}.Release|Any CPU.ActiveCfg = Release|Any CPU
		{0417F603-B0E5-4272-A20A-7E74192093D3}.Release|Any CPU.Build.0 = Release|Any CPU
	EndGlobalSection
	GlobalSection(SolutionProperties) = preSolution
		HideSolutionNode = FALSE
	EndGlobalSection
	GlobalSection(NestedProjects) = preSolution
		{502D01FB-DF98-4E73-9FF9-5CAC638D5568} = {9001CAFB-54D4-430A-94D3-7EF68295ACAE}
		{BE3588BB-D379-4642-AED5-C469F82BFBAE} = {9001CAFB-54D4-430A-94D3-7EF68295ACAE}
		{F43ABB97-84E6-4051-ACC5-31D58E0AE7C4} = {D5BE4283-9DA5-492C-A19D-B122CE418B07}
		{9662713E-29BD-4D9F-86E8-50CADB469AD6} = {D5BE4283-9DA5-492C-A19D-B122CE418B07}
		{0417F603-B0E5-4272-A20A-7E74192093D3} = {9001CAFB-54D4-430A-94D3-7EF68295ACAE}
	EndGlobalSection
	GlobalSection(ExtensibilityGlobals) = postSolution
		SolutionGuid = {A1DE35C8-C493-43E1-88C4-BE9320A66B89}
	EndGlobalSection
EndGlobal
